Microsoft Visual Studio Solution File, Format Version 12.00
# Visual Studio Version 17
VisualStudioVersion = 17.5.2.0
MinimumVisualStudioVersion = 10.0.40219.1
Project("{FAE04EC0-301F-11D3-BF4B-00C04F79EFBC}") = "Clases", "Clases.csproj", "{EAFE3D4F-E7EA-30FF-D564-6E5D1E0914B0}"
EndProject
Global
	GlobalSection(SolutionConfigurationPlatforms) = preSolution
		Debug|Any CPU = Debug|Any CPU
		Release|Any CPU = Release|Any CPU
	EndGlobalSection
	GlobalSection(ProjectConfigurationPlatforms) = postSolution
		{EAFE3D4F-E7EA-30FF-D564-6E5D1E0914B0}.Debug|Any CPU.ActiveCfg = Debug|Any CPU
		{EAFE3D4F-E7EA-30FF-D564-6E5D1E0914B0}.Debug|Any CPU.Build.0 = Debug|Any CPU
		{EAFE3D4F-E7EA-30FF-D564-6E5D1E0914B0}.Release|Any CPU.ActiveCfg = Release|Any CPU
		{EAFE3D4F-E7EA-30FF-D564-6E5D1E0914B0}.Release|Any CPU.Build.0 = Release|Any CPU
	EndGlobalSection
	GlobalSection(SolutionProperties) = preSolution
		HideSolutionNode = FALSE
	EndGlobalSection
	GlobalSection(ExtensibilityGlobals) = postSolution
		SolutionGuid = {CC9CC50C-BC4C-4C82-B729-CADF75A5ECD7}
	EndGlobalSection
EndGlobal
